{
  "pins" : [
    {
      "identity" : "lib0-swift",
      "kind" : "remoteSourceControl",
      "location" : "https://github.com/ObuchiYuki/lib0-swift.git",
      "state" : {
        "branch" : "main",
        "revision" : "0f9432df6be911605cec4deecc28a6cdd5336e81"
      }
    },
    {
      "identity" : "promise",
      "kind" : "remoteSourceControl",
      "location" : "https://github.com/ObuchiYuki/Promise.git",
      "state" : {
        "branch" : "main",
        "revision" : "e90a0ab18fbb622fa7a7f1843ed870d047e2d5d6"
      }
    }
  ],
  "version" : 2
}
